
Microsoft Visual Studio Solution File, Format Version 12.00
# Visual Studio Version 17
VisualStudioVersion = 17.3.32929.385
MinimumVisualStudioVersion = 10.0.40219.1
Project("{FAE04EC0-301F-11D3-BF4B-00C04F79EFBC}") = "ApiDemo", "WebApplication1\ApiDemo.csproj", "{7D442BD1-C7D3-44FF-B0B8-C6AECDEEDDB2}"
EndProject
Project("{FAE04EC0-301F-11D3-BF4B-00C04F79EFBC}") = "miniApiDemo", "miniApiDemo\miniApiDemo.csproj", "{73C47C73-1145-47B5-85D6-409F314316A9}"
EndProject
Global
	GlobalSection(SolutionConfigurationPlatforms) = preSolution
		Debug|Any CPU = Debug|Any CPU
		Release|Any CPU = Release|Any CPU
	EndGlobalSection
	GlobalSection(ProjectConfigurationPlatforms) = postSolution
		{7D442BD1-C7D3-44FF-B0B8-C6AECDEEDDB2}.Debug|Any CPU.ActiveCfg = Debug|Any CPU
		{7D442BD1-C7D3-44FF-B0B8-C6AECDEEDDB2}.Debug|Any CPU.Build.0 = Debug|Any CPU
		{7D442BD1-C7D3-44FF-B0B8-C6AECDEEDDB2}.Release|Any CPU.ActiveCfg = Release|Any CPU
		{7D442BD1-C7D3-44FF-B0B8-C6AECDEEDDB2}.Release|Any CPU.Build.0 = Release|Any CPU
		{73C47C73-1145-47B5-85D6-409F314316A9}.Debug|Any CPU.ActiveCfg = Debug|Any CPU
		{73C47C73-1145-47B5-85D6-409F314316A9}.Debug|Any CPU.Build.0 = Debug|Any CPU
		{73C47C73-1145-47B5-85D6-409F314316A9}.Release|Any CPU.ActiveCfg = Release|Any CPU
		{73C47C73-1145-47B5-85D6-409F314316A9}.Release|Any CPU.Build.0 = Release|Any CPU
	EndGlobalSection
	GlobalSection(SolutionProperties) = preSolution
		HideSolutionNode = FALSE
	EndGlobalSection
	GlobalSection(ExtensibilityGlobals) = postSolution
		SolutionGuid = {373BEEBB-C999-4F3C-8390-A4CF02ACB451}
	EndGlobalSection
EndGlobal
